
Microsoft Visual Studio Solution File, Format Version 12.00
# Visual Studio Version 17
VisualStudioVersion = 17.7.34031.279
MinimumVisualStudioVersion = 10.0.40219.1
Project("{FAE04EC0-301F-11D3-BF4B-00C04F79EFBC}") = "AngularAuthAPI", "AngularAuthAPI\AngularAuthAPI.csproj", "{44DDA08A-A398-4F1C-A313-10B7BBEC24B9}"
EndProject
Global
	GlobalSection(SolutionConfigurationPlatforms) = preSolution
		Debug|Any CPU = Debug|Any CPU
		Release|Any CPU = Release|Any CPU
	EndGlobalSection
	GlobalSection(ProjectConfigurationPlatforms) = postSolution
		{44DDA08A-A398-4F1C-A313-10B7BBEC24B9}.Debug|Any CPU.ActiveCfg = Debug|Any CPU
		{44DDA08A-A398-4F1C-A313-10B7BBEC24B9}.Debug|Any CPU.Build.0 = Debug|Any CPU
		{44DDA08A-A398-4F1C-A313-10B7BBEC24B9}.Release|Any CPU.ActiveCfg = Release|Any CPU
		{44DDA08A-A398-4F1C-A313-10B7BBEC24B9}.Release|Any CPU.Build.0 = Release|Any CPU
	EndGlobalSection
	GlobalSection(SolutionProperties) = preSolution
		HideSolutionNode = FALSE
	EndGlobalSection
	GlobalSection(ExtensibilityGlobals) = postSolution
		SolutionGuid = {687F93C6-CB98-4954-9C8F-CC9AA3BFA559}
	EndGlobalSection
EndGlobal
